
Microsoft Visual Studio Solution File, Format Version 12.00
# Visual Studio Version 17
VisualStudioVersion = 17.5.33530.505
MinimumVisualStudioVersion = 10.0.40219.1
Project("{FAE04EC0-301F-11D3-BF4B-00C04F79EFBC}") = "operatorok", "operatorok\operatorok.csproj", "{8EE0EF05-D802-45F4-952A-27D2EBD164CA}"
EndProject
Global
	GlobalSection(SolutionConfigurationPlatforms) = preSolution
		Debug|Any CPU = Debug|Any CPU
		Release|Any CPU = Release|Any CPU
	EndGlobalSection
	GlobalSection(ProjectConfigurationPlatforms) = postSolution
		{8EE0EF05-D802-45F4-952A-27D2EBD164CA}.Debug|Any CPU.ActiveCfg = Debug|Any CPU
		{8EE0EF05-D802-45F4-952A-27D2EBD164CA}.Debug|Any CPU.Build.0 = Debug|Any CPU
		{8EE0EF05-D802-45F4-952A-27D2EBD164CA}.Release|Any CPU.ActiveCfg = Release|Any CPU
		{8EE0EF05-D802-45F4-952A-27D2EBD164CA}.Release|Any CPU.Build.0 = Release|Any CPU
	EndGlobalSection
	GlobalSection(SolutionProperties) = preSolution
		HideSolutionNode = FALSE
	EndGlobalSection
	GlobalSection(ExtensibilityGlobals) = postSolution
		SolutionGuid = {01A27C46-B944-4625-AF5C-9F05BF34CD18}
	EndGlobalSection
EndGlobal
